
Microsoft Visual Studio Solution File, Format Version 12.00
# Visual Studio 14
VisualStudioVersion = 14.0.23107.0
MinimumVisualStudioVersion = 10.0.40219.1
Project("{F2A71F9B-5D33-465A-A702-920D77279786}") = "Fsharp test snippets", "Fsharp test snippets\Fsharp test snippets.fsproj", "{575234E3-5802-4E4A-89BF-3D025E296898}"
EndProject
Project("{F2A71F9B-5D33-465A-A702-920D77279786}") = "Monad closure thingy", "Monad closure thingy\Monad closure thingy.fsproj", "{4AA45C93-8FAE-4829-AFBE-F9EC55812BF5}"
EndProject
Project("{F2A71F9B-5D33-465A-A702-920D77279786}") = "Coroutine test", "Coroutine test\Coroutine test.fsproj", "{0EBDA8BA-12F0-42B5-AB2E-11130DD25193}"
EndProject
Project("{F2A71F9B-5D33-465A-A702-920D77279786}") = "Dijkstra implementation", "Dijkstra implementation\Dijkstra implementation.fsproj", "{2031A7A1-58AC-4F78-BFBB-CDF14D59C5C1}"
EndProject
Project("{F2A71F9B-5D33-465A-A702-920D77279786}") = "simple name checker with coroutines", "simple name checker with coroutines\simple name checker with coroutines.fsproj", "{0D790186-C546-43D8-B62C-9A6678DE4ADB}"
EndProject
Project("{F2A71F9B-5D33-465A-A702-920D77279786}") = "Coroutine with world test", "Coroutine with world test\Coroutine with world test.fsproj", "{A4B92125-7174-4E8C-91BD-B9F1453ABCA2}"
EndProject
Global
	GlobalSection(SolutionConfigurationPlatforms) = preSolution
		Debug|Any CPU = Debug|Any CPU
		Release|Any CPU = Release|Any CPU
	EndGlobalSection
	GlobalSection(ProjectConfigurationPlatforms) = postSolution
		{575234E3-5802-4E4A-89BF-3D025E296898}.Debug|Any CPU.ActiveCfg = Debug|Any CPU
		{575234E3-5802-4E4A-89BF-3D025E296898}.Debug|Any CPU.Build.0 = Debug|Any CPU
		{575234E3-5802-4E4A-89BF-3D025E296898}.Release|Any CPU.ActiveCfg = Release|Any CPU
		{575234E3-5802-4E4A-89BF-3D025E296898}.Release|Any CPU.Build.0 = Release|Any CPU
		{4AA45C93-8FAE-4829-AFBE-F9EC55812BF5}.Debug|Any CPU.ActiveCfg = Debug|Any CPU
		{4AA45C93-8FAE-4829-AFBE-F9EC55812BF5}.Debug|Any CPU.Build.0 = Debug|Any CPU
		{4AA45C93-8FAE-4829-AFBE-F9EC55812BF5}.Release|Any CPU.ActiveCfg = Release|Any CPU
		{4AA45C93-8FAE-4829-AFBE-F9EC55812BF5}.Release|Any CPU.Build.0 = Release|Any CPU
		{0EBDA8BA-12F0-42B5-AB2E-11130DD25193}.Debug|Any CPU.ActiveCfg = Debug|Any CPU
		{0EBDA8BA-12F0-42B5-AB2E-11130DD25193}.Debug|Any CPU.Build.0 = Debug|Any CPU
		{0EBDA8BA-12F0-42B5-AB2E-11130DD25193}.Release|Any CPU.ActiveCfg = Release|Any CPU
		{0EBDA8BA-12F0-42B5-AB2E-11130DD25193}.Release|Any CPU.Build.0 = Release|Any CPU
		{2031A7A1-58AC-4F78-BFBB-CDF14D59C5C1}.Debug|Any CPU.ActiveCfg = Debug|Any CPU
		{2031A7A1-58AC-4F78-BFBB-CDF14D59C5C1}.Debug|Any CPU.Build.0 = Debug|Any CPU
		{2031A7A1-58AC-4F78-BFBB-CDF14D59C5C1}.Release|Any CPU.ActiveCfg = Release|Any CPU
		{2031A7A1-58AC-4F78-BFBB-CDF14D59C5C1}.Release|Any CPU.Build.0 = Release|Any CPU
		{0D790186-C546-43D8-B62C-9A6678DE4ADB}.Debug|Any CPU.ActiveCfg = Debug|Any CPU
		{0D790186-C546-43D8-B62C-9A6678DE4ADB}.Debug|Any CPU.Build.0 = Debug|Any CPU
		{0D790186-C546-43D8-B62C-9A6678DE4ADB}.Release|Any CPU.ActiveCfg = Release|Any CPU
		{0D790186-C546-43D8-B62C-9A6678DE4ADB}.Release|Any CPU.Build.0 = Release|Any CPU
		{A4B92125-7174-4E8C-91BD-B9F1453ABCA2}.Debug|Any CPU.ActiveCfg = Debug|Any CPU
		{A4B92125-7174-4E8C-91BD-B9F1453ABCA2}.Debug|Any CPU.Build.0 = Debug|Any CPU
		{A4B92125-7174-4E8C-91BD-B9F1453ABCA2}.Release|Any CPU.ActiveCfg = Release|Any CPU
		{A4B92125-7174-4E8C-91BD-B9F1453ABCA2}.Release|Any CPU.Build.0 = Release|Any CPU
	EndGlobalSection
	GlobalSection(SolutionProperties) = preSolution
		HideSolutionNode = FALSE
	EndGlobalSection
EndGlobal
